// !$*UTF8*$!
{
	archiveVersion = 1;
	classes = {
	};
	objectVersion = 46;
	objects = {

/* Begin PBXBuildFile section */
		6CAEA50A1D76B1CD0093F6AB /* main.m in Sources */ = {isa = PBXBuildFile; fileRef = 6CAEA5091D76B1CD0093F6AB /* main.m */; };
		6CAEA50D1D76B1CD0093F6AB /* AppDelegate.m in Sources */ = {isa = PBXBuildFile; fileRef = 6CAEA50C1D76B1CD0093F6AB /* AppDelegate.m */; };
		6CAEA5101D76B1CD0093F6AB /* ViewController.m in Sources */ = {isa = PBXBuildFile; fileRef = 6CAEA50F1D76B1CD0093F6AB /* ViewController.m */; };
		6CAEA5131D76B1CD0093F6AB /* Main.storyboard in Resources */ = {isa = PBXBuildFile; fileRef = 6CAEA5111D76B1CD0093F6AB /* Main.storyboard */; };
		6CAEA5151D76B1CD0093F6AB /* Assets.xcassets in Resources */ = {isa = PBXBuildFile; fileRef = 6CAEA5141D76B1CD0093F6AB /* Assets.xcassets */; };
		6CAEA5181D76B1CD0093F6AB /* LaunchScreen.storyboard in Resources */ = {isa = PBXBuildFile; fileRef = 6CAEA5161D76B1CD0093F6AB /* LaunchScreen.storyboard */; };
/* End PBXBuildFile section */

/* Begin PBXFileReference section */
		6CAEA5051D76B1CD0093F6AB /* WKWebViewSample.app */ = {isa = PBXFileReference; explicitFileType = wrapper.application; includeInIndex = 0; path = WKWebViewSample.app; sourceTree = BUILT_PRODUCTS_DIR; };
		6CAEA5091D76B1CD0093F6AB /* main.m */ = {isa = PBXFileReference; lastKnownFileType = sourcecode.c.objc; path = main.m; sourceTree = "<group>"; };
		6CAEA50B1D76B1CD0093F6AB /* AppDelegate.h */ = {isa = PBXFileReference; lastKnownFileType = sourcecode.c.h; path = AppDelegate.h; sourceTree = "<group>"; };
		6CAEA50C1D76B1CD0093F6AB /* AppDelegate.m */ = {isa = PBXFileReference; lastKnownFileType = sourcecode.c.objc; path = AppDelegate.m; sourceTree = "<group>"; };
		6CAEA50E1D76B1CD0093F6AB /* ViewController.h */ = {isa = PBXFileReference; lastKnownFileType = sourcecode.c.h; path = ViewController.h; sourceTree = "<group>"; };
		6CAEA50F1D76B1CD0093F6AB /* ViewController.m */ = {isa = PBXFileReference; lastKnownFileType = sourcecode.c.objc; path = ViewController.m; sourceTree = "<group>"; };
		6CAEA5121D76B1CD0093F6AB /* Base */ = {isa = PBXFileReference; lastKnownFileType = file.storyboard; name = Base; path = Base.lproj/Main.storyboard; sourceTree = "<group>"; };
		6CAEA5141D76B1CD0093F6AB /* Assets.xcassets */ = {isa = PBXFileReference; lastKnownFileType = folder.assetcatalog; path = Assets.xcassets; sourceTree = "<group>"; };
		6CAEA5171D76B1CD0093F6AB /* Base */ = {isa = PBXFileReference; lastKnownFileType = file.storyboard; name = Base; path = Base.lproj/LaunchScreen.storyboard; sourceTree = "<group>"; };
		6CAEA5191D76B1CD0093F6AB /* Info.plist */ = {isa = PBXFileReference; lastKnownFileType = text.plist.xml; path = Info.plist; sourceTree = "<group>"; };
/* End PBXFileReference section */

/* Begin PBXFrameworksBuildPhase section */
		6CAEA5021D76B1CD0093F6AB /* Frameworks */ = {
			isa = PBXFrameworksBuildPhase;
			buildActionMask = 2147483647;
			files = (
			);
			runOnlyForDeploymentPostprocessing = 0;
		};
/* End PBXFrameworksBuildPhase section */

/* Begin PBXGroup section */
		6CAEA4FC1D76B1CD0093F6AB = {
			isa = PBXGroup;
			children = (
				6CAEA5071D76B1CD0093F6AB /* WKWebViewSample */,
				6CAEA5061D76B1CD0093F6AB /* Products */,
			);
			sourceTree = "<group>";
		};
		6CAEA5061D76B1CD0093F6AB /* Products */ = {
			isa = PBXGroup;
			children = (
				6CAEA5051D76B1CD0093F6AB /* WKWebViewSample.app */,
			);
			name = Products;
			sourceTree = "<group>";
		};
		6CAEA5071D76B1CD0093F6AB /* WKWebViewSample */ = {
			isa = PBXGroup;
			children = (
				6CAEA50B1D76B1CD0093F6AB /* AppDelegate.h */,
				6CAEA50C1D76B1CD0093F6AB /* AppDelegate.m */,
				6CAEA50E1D76B1CD0093F6AB /* ViewController.h */,
				6CAEA50F1D76B1CD0093F6AB /* ViewController.m */,
				6CAEA5111D76B1CD0093F6AB /* Main.storyboard */,
				6CAEA5141D76B1CD0093F6AB /* Assets.xcassets */,
				6CAEA5161D76B1CD0093F6AB /* LaunchScreen.storyboard */,
				6CAEA5191D76B1CD0093F6AB /* Info.plist */,
				6CAEA5081D76B1CD0093F6AB /* Supporting Files */,
			);
			path = WKWebViewSample;
			sourceTree = "<group>";
		};
		6CAEA5081D76B1CD0093F6AB /* Supporting Files */ = {
			isa = PBXGroup;
			children = (
				6CAEA5091D76B1CD0093F6AB /* main.m */,
			);
			name = "Supporting Files";
			sourceTree = "<group>";
		};
/* End PBXGroup section */

/* Begin PBXNativeTarget section */
		6CAEA5041D76B1CD0093F6AB /* WKWebViewSample */ = {
			isa = PBXNativeTarget;
			buildConfigurationList = 6CAEA51C1D76B1CD0093F6AB /* Build configuration list for PBXNativeTarget "WKWebViewSample" */;
			buildPhases = (
				6CAEA5011D76B1CD0093F6AB /* Sources */,
				6CAEA5021D76B1CD0093F6AB /* Frameworks */,
				6CAEA5031D76B1CD0093F6AB /* Resources */,
			);
			buildRules = (
			);
			dependencies = (
			);
			name = WKWebViewSample;
			productName = WKWebViewSample;
			productReference = 6CAEA5051D76B1CD0093F6AB /* WKWebViewSample.app */;
			productType = "com.apple.product-type.application";
		};
/* End PBXNativeTarget section */

/* Begin PBXProject section */
		6CAEA4FD1D76B1CD0093F6AB /* Project object */ = {
			isa = PBXProject;
			attributes = {
				LastUpgradeCheck = 0730;
				ORGANIZATIONNAME = queuey;
				TargetAttributes = {
					6CAEA5041D76B1CD0093F6AB = {
						CreatedOnToolsVersion = 7.3.1;
					};
				};
			};
			buildConfigurationList = 6CAEA5001D76B1CD0093F6AB /* Build configuration list for PBXProject "WKWebViewSample" */;
			compatibilityVersion = "Xcode 3.2";
			developmentRegion = English;
			hasScannedForEncodings = 0;
			knownRegions = (
				en,
				Base,
			);
			mainGroup = 6CAEA4FC1D76B1CD0093F6AB;
			productRefGroup = 6CAEA5061D76B1CD0093F6AB /* Products */;
			projectDirPath = "";
			projectRoot = "";
			targets = (
				6CAEA5041D76B1CD0093F6AB /* WKWebViewSample */,
			);
		};
/* End PBXProject section */

/* Begin PBXResourcesBuildPhase section */
		6CAEA5031D76B1CD0093F6AB /* Resources */ = {
			isa = PBXResourcesBuildPhase;
			buildActionMask = 2147483647;
			files = (
				6CAEA5181D76B1CD0093F6AB /* LaunchScreen.storyboard in Resources */,
				6CAEA5151D76B1CD0093F6AB /* Assets.xcassets in Resources */,
				6CAEA5131D76B1CD0093F6AB /* Main.storyboard in Resources */,
			);
			runOnlyForDeploymentPostprocessing = 0;
		};
/* End PBXResourcesBuildPhase section */

/* Begin PBXSourcesBuildPhase section */
		6CAEA5011D76B1CD0093F6AB /* Sources */ = {
			isa = PBXSourcesBuildPhase;
			buildActionMask = 2147483647;
			files = (
				6CAEA5101D76B1CD0093F6AB /* ViewController.m in Sources */,
				6CAEA50D1D76B1CD0093F6AB /* AppDelegate.m in Sources */,
				6CAEA50A1D76B1CD0093F6AB /* main.m in Sources */,
			);
			runOnlyForDeploymentPostprocessing = 0;
		};
/* End PBXSourcesBuildPhase section */

/* Begin PBXVariantGroup section */
		6CAEA5111D76B1CD0093F6AB /* Main.storyboard */ = {
			isa = PBXVariantGroup;
			children = (
				6CAEA5121D76B1CD0093F6AB /* Base */,
			);
			name = Main.storyboard;
			sourceTree = "<group>";
		};
		6CAEA5161D76B1CD0093F6AB /* LaunchScreen.storyboard */ = {
			isa = PBXVariantGroup;
			children = (
				6CAEA5171D76B1CD0093F6AB /* Base */,
			);
			name = LaunchScreen.storyboard;
			sourceTree = "<group>";
		};
/* End PBXVariantGroup section */

/* Begin XCBuildConfiguration section */
		6CAEA51A1D76B1CD0093F6AB /* Debug */ = {
			isa = XCBuildConfiguration;
			buildSettings = {
				ALWAYS_SEARCH_USER_PATHS = NO;
				CLANG_ANALYZER_NONNULL = YES;
				CLANG_CXX_LANGUAGE_STANDARD = "gnu++0x";
				CLANG_CXX_LIBRARY = "libc++";
				CLANG_ENABLE_MODULES = YES;
				CLANG_ENABLE_OBJC_ARC = YES;
				CLANG_WARN_BOOL_CONVERSION = YES;
				CLANG_WARN_CONSTANT_CONVERSION = YES;
				CLANG_WARN_DIRECT_OBJC_ISA_USAGE = YES_ERROR;
				CLANG_WARN_EMPTY_BODY = YES;
				CLANG_WARN_ENUM_CONVERSION = YES;
				CLANG_WARN_INT_CONVERSION = YES;
				CLANG_WARN_OBJC_ROOT_CLASS = YES_ERROR;
				CLANG_WARN_UNREACHABLE_CODE = YES;
				CLANG_WARN__DUPLICATE_METHOD_MATCH = YES;
				"CODE_SIGN_IDENTITY[sdk=iphoneos*]" = "iPhone Developer";
				COPY_PHASE_STRIP = NO;
				DEBUG_INFORMATION_FORMAT = dwarf;
				ENABLE_STRICT_OBJC_MSGSEND = YES;
				ENABLE_TESTABILITY = YES;
				GCC_C_LANGUAGE_STANDARD = gnu99;
				GCC_DYNAMIC_NO_PIC = NO;
				GCC_NO_COMMON_BLOCKS = YES;
				GCC_OPTIMIZATION_LEVEL = 0;
				GCC_PREPROCESSOR_DEFINITIONS = (
					"DEBUG=1",
					"$(inherited)",
				);
				GCC_WARN_64_TO_32_BIT_CONVERSION = YES;
				GCC_WARN_ABOUT_RETURN_TYPE = YES_ERROR;
				GCC_WARN_UNDECLARED_SELECTOR = YES;
				GCC_WARN_UNINITIALIZED_AUTOS = YES_AGGRESSIVE;
				GCC_WARN_UNUSED_FUNCTION = YES;
				GCC_WARN_UNUSED_VARIABLE = YES;
				IPHONEOS_DEPLOYMENT_TARGET = 9.3;
				MTL_ENABLE_DEBUG_INFO = YES;
				ONLY_ACTIVE_ARCH = YES;
				SDKROOT = iphoneos;
			};
			name = Debug;
		};
		6CAEA51B1D76B1CD0093F6AB /* Release */ = {
			isa = XCBuildConfiguration;
			buildSettings = {
				ALWAYS_SEARCH_USER_PATHS = NO;
				CLANG_ANALYZER_NONNULL = YES;
				CLANG_CXX_LANGUAGE_STANDARD = "gnu++0x";
				CLANG_CXX_LIBRARY = "libc++";
				CLANG_ENABLE_MODULES = YES;
				CLANG_ENABLE_OBJC_ARC = YES;
				CLANG_WARN_BOOL_CONVERSION = YES;
				CLANG_WARN_CONSTANT_CONVERSION = YES;
				CLANG_WARN_DIRECT_OBJC_ISA_USAGE = YES_ERROR;
				CLANG_WARN_EMPTY_BODY = YES;
				CLANG_WARN_ENUM_CONVERSION = YES;
				CLANG_WARN_INT_CONVERSION = YES;
				CLANG_WARN_OBJC_ROOT_CLASS = YES_ERROR;
				CLANG_WARN_UNREACHABLE_CODE = YES;
				CLANG_WARN__DUPLICATE_METHOD_MATCH = YES;
				"CODE_SIGN_IDENTITY[sdk=iphoneos*]" = "iPhone Developer";
				COPY_PHASE_STRIP = NO;
				DEBUG_INFORMATION_FORMAT = "dwarf-with-dsym";
				ENABLE_NS_ASSERTIONS = NO;
				ENABLE_STRICT_OBJC_MSGSEND = YES;
				GCC_C_LANGUAGE_STANDARD = gnu99;
				GCC_NO_COMMON_BLOCKS = YES;
				GCC_WARN_64_TO_32_BIT_CONVERSION = YES;
				GCC_WARN_ABOUT_RETURN_TYPE = YES_ERROR;
				GCC_WARN_UNDECLARED_SELECTOR = YES;
				GCC_WARN_UNINITIALIZED_AUTOS = YES_AGGRESSIVE;
				GCC_WARN_UNUSED_FUNCTION = YES;
				GCC_WARN_UNUSED_VARIABLE = YES;
				IPHONEOS_DEPLOYMENT_TARGET = 9.3;
				MTL_ENABLE_DEBUG_INFO = NO;
				SDKROOT = iphoneos;
				VALIDATE_PRODUCT = YES;
			};
			name = Release;
		};
		6CAEA51D1D76B1CD0093F6AB /* Debug */ = {
			isa = XCBuildConfiguration;
			buildSettings = {
				ASSETCATALOG_COMPILER_APPICON_NAME = AppIcon;
				INFOPLIST_FILE = WKWebViewSample/Info.plist;
				LD_RUNPATH_SEARCH_PATHS = "$(inherited) @executable_path/Frameworks";
				PRODUCT_BUNDLE_IDENTIFIER = com.Mr.Q.WKWebViewSample;
				PRODUCT_NAME = "$(TARGET_NAME)";
			};
			name = Debug;
		};
		6CAEA51E1D76B1CD0093F6AB /* Release */ = {
			isa = XCBuildConfiguration;
			buildSettings = {
				ASSETCATALOG_COMPILER_APPICON_NAME = AppIcon;
				INFOPLIST_FILE = WKWebViewSample/Info.plist;
				LD_RUNPATH_SEARCH_PATHS = "$(inherited) @executable_path/Frameworks";
				PRODUCT_BUNDLE_IDENTIFIER = com.Mr.Q.WKWebViewSample;
				PRODUCT_NAME = "$(TARGET_NAME)";
			};
			name = Release;
		};
/* End XCBuildConfiguration section */

/* Begin XCConfigurationList section */
		6CAEA5001D76B1CD0093F6AB /* Build configuration list for PBXProject "WKWebViewSample" */ = {
			isa = XCConfigurationList;
			buildConfigurations = (
				6CAEA51A1D76B1CD0093F6AB /* Debug */,
				6CAEA51B1D76B1CD0093F6AB /* Release */,
			);
			defaultConfigurationIsVisible = 0;
			defaultConfigurationName = Release;
		};
		6CAEA51C1D76B1CD0093F6AB /* Build configuration list for PBXNativeTarget "WKWebViewSample" */ = {
			isa = XCConfigurationList;
			buildConfigurations = (
				6CAEA51D1D76B1CD0093F6AB /* Debug */,
				6CAEA51E1D76B1CD0093F6AB /* Release */,
			);
			defaultConfigurationIsVisible = 0;
		};
/* End XCConfigurationList section */
	};
	rootObject = 6CAEA4FD1D76B1CD0093F6AB /* Project object */;
}
